
Microsoft Visual Studio Solution File, Format Version 12.00
# Visual Studio Version 17
VisualStudioVersion = 17.14.36301.6 d17.14
MinimumVisualStudioVersion = 10.0.40219.1
Project("{FAE04EC0-301F-11D3-BF4B-00C04F79EFBC}") = "Calculator assignment", "Calculator assignment.csproj", "{EC36A3ED-8630-413C-8FAD-4EE118EE79EE}"
EndProject
Global
	GlobalSection(SolutionConfigurationPlatforms) = preSolution
		Debug|Any CPU = Debug|Any CPU
		Release|Any CPU = Release|Any CPU
	EndGlobalSection
	GlobalSection(ProjectConfigurationPlatforms) = postSolution
		{EC36A3ED-8630-413C-8FAD-4EE118EE79EE}.Debug|Any CPU.ActiveCfg = Debug|Any CPU
		{EC36A3ED-8630-413C-8FAD-4EE118EE79EE}.Debug|Any CPU.Build.0 = Debug|Any CPU
		{EC36A3ED-8630-413C-8FAD-4EE118EE79EE}.Release|Any CPU.ActiveCfg = Release|Any CPU
		{EC36A3ED-8630-413C-8FAD-4EE118EE79EE}.Release|Any CPU.Build.0 = Release|Any CPU
	EndGlobalSection
	GlobalSection(SolutionProperties) = preSolution
		HideSolutionNode = FALSE
	EndGlobalSection
	GlobalSection(ExtensibilityGlobals) = postSolution
		SolutionGuid = {2D79F421-8746-4C58-A430-0017BBC7520B}
	EndGlobalSection
EndGlobal
